{
    "_readme": [
        "This file locks the dependencies of your project to a known state",
        "Read more about it at https://getcomposer.org/doc/01-basic-usage.md#installing-dependencies",
        "This file is @generated automatically"
    ],
    "content-hash": "06625b6b72f4592296d470918adffee2",
    "packages": [
        {
            "name": "binnyva/iframe",
            "version": "2.0.9",
            "source": {
                "type": "git",
                "url": "https://github.com/binnyva/iframe.git",
                "reference": "c3590f80c860ca9e99c947217be08072df085fc0"
            },
            "dist": {
                "type": "zip",
                "url": "https://api.github.com/repos/binnyva/iframe/zipball/c3590f80c860ca9e99c947217be08072df085fc0",
                "reference": "c3590f80c860ca9e99c947217be08072df085fc0",
                "shasum": ""
            },
            "require": {
                "php": ">=7.0"
            },
            "type": "library",
            "autoload": {
                "files": [
                    "src/helpers/shortcuts.php",
                    "src/helpers/misc.php"
                ],
                "psr-4": {
                    "iframe\\": "src/classes"
                }
            },
            "notification-url": "https://packagist.org/downloads/",
            "license": [
                "MIT"
            ],
            "authors": [
                {
                    "name": "Binny V A",
                    "email": "binnyva@gmail.com",
                    "homepage": "http://binnyva.com/",
                    "role": "Developer"
                }
            ],
            "description": "iFrame is a PHP micro framework",
            "keywords": [
                "framework",
                "microframework",
                "mvc",
                "php"
            ],
            "support": {
                "issues": "https://github.com/binnyva/iframe/issues",
                "source": "https://github.com/binnyva/iframe/tree/v2.0.9"
            },
            "time": "2024-08-03T12:44:10+00:00"
        }
    ],
    "packages-dev": [],
    "aliases": [],
    "minimum-stability": "stable",
    "stability-flags": {},
    "prefer-stable": false,
    "prefer-lowest": false,
    "platform": {},
    "platform-dev": {},
    "plugin-api-version": "2.6.0"
}
